
Microsoft Visual Studio Solution File, Format Version 11.00
# Visual Studio 2010
Project("{FAE04EC0-301F-11D3-BF4B-00C04F79EFBC}") = "Hybrid.Examples", "Examples\Hybrid.Examples.csproj", "{226B57BB-9B76-4E9D-8CDF-E39C4C7C8854}"
EndProject
Project("{FAE04EC0-301F-11D3-BF4B-00C04F79EFBC}") = "Hybrid.MsilToOpenCL", "MsilToOpenCL\Hybrid.MsilToOpenCL.csproj", "{18453BC6-B316-471A-B8BB-77ADA8789713}"
EndProject
Project("{FAE04EC0-301F-11D3-BF4B-00C04F79EFBC}") = "Hybrid.Benchmark", "Benchmark\Hybrid.Benchmark.csproj", "{0092D352-4404-4E26-8C13-06829200C9C4}"
EndProject
Project("{FAE04EC0-301F-11D3-BF4B-00C04F79EFBC}") = "Hybrid", "Hybrid\Hybrid.csproj", "{5EAE1B62-A9FD-496D-8903-6464474FD652}"
EndProject
Project("{FAE04EC0-301F-11D3-BF4B-00C04F79EFBC}") = "Hybrid.Tests", "Hybrid.Tests\Hybrid.Tests.csproj", "{B9489A78-7EC5-4E80-BB42-62F988046999}"
EndProject
Project("{2150E333-8FDC-42A3-9474-1A3956D46DE8}") = "Solution Items", "Solution Items", "{ACEA069E-83CC-4568-8AE8-D6F71C0D8C33}"
	ProjectSection(SolutionItems) = preProject
		Hybrid1.vsmdi = Hybrid1.vsmdi
		Local.testsettings = Local.testsettings
		TraceAndTestImpact.testsettings = TraceAndTestImpact.testsettings
	EndProjectSection
EndProject
Global
	GlobalSection(TestCaseManagementSettings) = postSolution
		CategoryFile = Hybrid1.vsmdi
	EndGlobalSection
	GlobalSection(SolutionConfigurationPlatforms) = preSolution
		Debug|Any CPU = Debug|Any CPU
		Debug|Mixed Platforms = Debug|Mixed Platforms
		Debug|x64 = Debug|x64
		Debug|x86 = Debug|x86
		Release|Any CPU = Release|Any CPU
		Release|Mixed Platforms = Release|Mixed Platforms
		Release|x64 = Release|x64
		Release|x86 = Release|x86
	EndGlobalSection
	GlobalSection(ProjectConfigurationPlatforms) = postSolution
		{226B57BB-9B76-4E9D-8CDF-E39C4C7C8854}.Debug|Any CPU.ActiveCfg = Debug|x86
		{226B57BB-9B76-4E9D-8CDF-E39C4C7C8854}.Debug|Mixed Platforms.ActiveCfg = Debug|x86
		{226B57BB-9B76-4E9D-8CDF-E39C4C7C8854}.Debug|Mixed Platforms.Build.0 = Debug|x86
		{226B57BB-9B76-4E9D-8CDF-E39C4C7C8854}.Debug|x64.ActiveCfg = Debug|x64
		{226B57BB-9B76-4E9D-8CDF-E39C4C7C8854}.Debug|x64.Build.0 = Debug|x64
		{226B57BB-9B76-4E9D-8CDF-E39C4C7C8854}.Debug|x86.ActiveCfg = Debug|x86
		{226B57BB-9B76-4E9D-8CDF-E39C4C7C8854}.Debug|x86.Build.0 = Debug|x86
		{226B57BB-9B76-4E9D-8CDF-E39C4C7C8854}.Release|Any CPU.ActiveCfg = Release|x86
		{226B57BB-9B76-4E9D-8CDF-E39C4C7C8854}.Release|Mixed Platforms.ActiveCfg = Release|x86
		{226B57BB-9B76-4E9D-8CDF-E39C4C7C8854}.Release|Mixed Platforms.Build.0 = Release|x86
		{226B57BB-9B76-4E9D-8CDF-E39C4C7C8854}.Release|x64.ActiveCfg = Release|x64
		{226B57BB-9B76-4E9D-8CDF-E39C4C7C8854}.Release|x64.Build.0 = Release|x64
		{226B57BB-9B76-4E9D-8CDF-E39C4C7C8854}.Release|x86.ActiveCfg = Release|x86
		{226B57BB-9B76-4E9D-8CDF-E39C4C7C8854}.Release|x86.Build.0 = Release|x86
		{18453BC6-B316-471A-B8BB-77ADA8789713}.Debug|Any CPU.ActiveCfg = Debug|Any CPU
		{18453BC6-B316-471A-B8BB-77ADA8789713}.Debug|Any CPU.Build.0 = Debug|Any CPU
		{18453BC6-B316-471A-B8BB-77ADA8789713}.Debug|Mixed Platforms.ActiveCfg = Debug|Any CPU
		{18453BC6-B316-471A-B8BB-77ADA8789713}.Debug|Mixed Platforms.Build.0 = Debug|Any CPU
		{18453BC6-B316-471A-B8BB-77ADA8789713}.Debug|x64.ActiveCfg = Debug|x64
		{18453BC6-B316-471A-B8BB-77ADA8789713}.Debug|x86.ActiveCfg = Debug|x86
		{18453BC6-B316-471A-B8BB-77ADA8789713}.Release|Any CPU.ActiveCfg = Release|Any CPU
		{18453BC6-B316-471A-B8BB-77ADA8789713}.Release|Any CPU.Build.0 = Release|Any CPU
		{18453BC6-B316-471A-B8BB-77ADA8789713}.Release|Mixed Platforms.ActiveCfg = Release|Any CPU
		{18453BC6-B316-471A-B8BB-77ADA8789713}.Release|Mixed Platforms.Build.0 = Release|Any CPU
		{18453BC6-B316-471A-B8BB-77ADA8789713}.Release|x64.ActiveCfg = Release|x64
		{18453BC6-B316-471A-B8BB-77ADA8789713}.Release|x86.ActiveCfg = Release|x86
		{0092D352-4404-4E26-8C13-06829200C9C4}.Debug|Any CPU.ActiveCfg = Debug|x86
		{0092D352-4404-4E26-8C13-06829200C9C4}.Debug|Mixed Platforms.ActiveCfg = Debug|x64
		{0092D352-4404-4E26-8C13-06829200C9C4}.Debug|Mixed Platforms.Build.0 = Debug|x64
		{0092D352-4404-4E26-8C13-06829200C9C4}.Debug|x64.ActiveCfg = Debug|x64
		{0092D352-4404-4E26-8C13-06829200C9C4}.Debug|x64.Build.0 = Debug|x64
		{0092D352-4404-4E26-8C13-06829200C9C4}.Debug|x86.ActiveCfg = Debug|x86
		{0092D352-4404-4E26-8C13-06829200C9C4}.Debug|x86.Build.0 = Debug|x86
		{0092D352-4404-4E26-8C13-06829200C9C4}.Release|Any CPU.ActiveCfg = Release|x86
		{0092D352-4404-4E26-8C13-06829200C9C4}.Release|Mixed Platforms.ActiveCfg = Release|x86
		{0092D352-4404-4E26-8C13-06829200C9C4}.Release|Mixed Platforms.Build.0 = Release|x86
		{0092D352-4404-4E26-8C13-06829200C9C4}.Release|x64.ActiveCfg = Release|x64
		{0092D352-4404-4E26-8C13-06829200C9C4}.Release|x64.Build.0 = Release|x64
		{0092D352-4404-4E26-8C13-06829200C9C4}.Release|x86.ActiveCfg = Release|x86
		{0092D352-4404-4E26-8C13-06829200C9C4}.Release|x86.Build.0 = Release|x86
		{5EAE1B62-A9FD-496D-8903-6464474FD652}.Debug|Any CPU.ActiveCfg = Debug|Any CPU
		{5EAE1B62-A9FD-496D-8903-6464474FD652}.Debug|Any CPU.Build.0 = Debug|Any CPU
		{5EAE1B62-A9FD-496D-8903-6464474FD652}.Debug|Mixed Platforms.ActiveCfg = Debug|Any CPU
		{5EAE1B62-A9FD-496D-8903-6464474FD652}.Debug|Mixed Platforms.Build.0 = Debug|Any CPU
		{5EAE1B62-A9FD-496D-8903-6464474FD652}.Debug|x64.ActiveCfg = Debug|x64
		{5EAE1B62-A9FD-496D-8903-6464474FD652}.Debug|x86.ActiveCfg = Debug|x86
		{5EAE1B62-A9FD-496D-8903-6464474FD652}.Release|Any CPU.ActiveCfg = Release|Any CPU
		{5EAE1B62-A9FD-496D-8903-6464474FD652}.Release|Any CPU.Build.0 = Release|Any CPU
		{5EAE1B62-A9FD-496D-8903-6464474FD652}.Release|Mixed Platforms.ActiveCfg = Release|Any CPU
		{5EAE1B62-A9FD-496D-8903-6464474FD652}.Release|Mixed Platforms.Build.0 = Release|Any CPU
		{5EAE1B62-A9FD-496D-8903-6464474FD652}.Release|x64.ActiveCfg = Release|x64
		{5EAE1B62-A9FD-496D-8903-6464474FD652}.Release|x86.ActiveCfg = Release|x86
		{B9489A78-7EC5-4E80-BB42-62F988046999}.Debug|Any CPU.ActiveCfg = Debug|Any CPU
		{B9489A78-7EC5-4E80-BB42-62F988046999}.Debug|Any CPU.Build.0 = Debug|Any CPU
		{B9489A78-7EC5-4E80-BB42-62F988046999}.Debug|Mixed Platforms.ActiveCfg = Debug|Any CPU
		{B9489A78-7EC5-4E80-BB42-62F988046999}.Debug|Mixed Platforms.Build.0 = Debug|Any CPU
		{B9489A78-7EC5-4E80-BB42-62F988046999}.Debug|x64.ActiveCfg = Debug|Any CPU
		{B9489A78-7EC5-4E80-BB42-62F988046999}.Debug|x86.ActiveCfg = Debug|Any CPU
		{B9489A78-7EC5-4E80-BB42-62F988046999}.Release|Any CPU.ActiveCfg = Release|Any CPU
		{B9489A78-7EC5-4E80-BB42-62F988046999}.Release|Any CPU.Build.0 = Release|Any CPU
		{B9489A78-7EC5-4E80-BB42-62F988046999}.Release|Mixed Platforms.ActiveCfg = Release|Any CPU
		{B9489A78-7EC5-4E80-BB42-62F988046999}.Release|Mixed Platforms.Build.0 = Release|Any CPU
		{B9489A78-7EC5-4E80-BB42-62F988046999}.Release|x64.ActiveCfg = Release|Any CPU
		{B9489A78-7EC5-4E80-BB42-62F988046999}.Release|x86.ActiveCfg = Release|Any CPU
	EndGlobalSection
	GlobalSection(SolutionProperties) = preSolution
		HideSolutionNode = FALSE
	EndGlobalSection
EndGlobal
