
Microsoft Visual Studio Solution File, Format Version 12.00
# Visual Studio Version 16
VisualStudioVersion = 16.0.29009.5
MinimumVisualStudioVersion = 10.0.40219.1
Project("{FAE04EC0-301F-11D3-BF4B-00C04F79EFBC}") = "Amplifier", "src\Amplifier.Net\Amplifier.csproj", "{59F3F20B-2A0C-4925-977C-FE0977F2B995}"
EndProject
Project("{9A19103F-16F7-4668-BE54-9A1E7A4F7556}") = "AmplifierExamples", "examples\AmplifierExamples\AmplifierExamples.csproj", "{B139550F-BB6A-40DA-837B-7BF8C62C153D}"
EndProject
Project("{9A19103F-16F7-4668-BE54-9A1E7A4F7556}") = "doc-gen", "doc-gen\doc-gen.csproj", "{93053BBF-534D-4EBA-A5BD-177DEDB1D34F}"
EndProject
Global
	GlobalSection(SolutionConfigurationPlatforms) = preSolution
		Debug|Any CPU = Debug|Any CPU
		Release|Any CPU = Release|Any CPU
	EndGlobalSection
	GlobalSection(ProjectConfigurationPlatforms) = postSolution
		{59F3F20B-2A0C-4925-977C-FE0977F2B995}.Debug|Any CPU.ActiveCfg = Debug|Any CPU
		{59F3F20B-2A0C-4925-977C-FE0977F2B995}.Debug|Any CPU.Build.0 = Debug|Any CPU
		{59F3F20B-2A0C-4925-977C-FE0977F2B995}.Release|Any CPU.ActiveCfg = Release|Any CPU
		{59F3F20B-2A0C-4925-977C-FE0977F2B995}.Release|Any CPU.Build.0 = Release|Any CPU
		{B139550F-BB6A-40DA-837B-7BF8C62C153D}.Debug|Any CPU.ActiveCfg = Debug|Any CPU
		{B139550F-BB6A-40DA-837B-7BF8C62C153D}.Debug|Any CPU.Build.0 = Debug|Any CPU
		{B139550F-BB6A-40DA-837B-7BF8C62C153D}.Release|Any CPU.ActiveCfg = Release|Any CPU
		{B139550F-BB6A-40DA-837B-7BF8C62C153D}.Release|Any CPU.Build.0 = Release|Any CPU
		{93053BBF-534D-4EBA-A5BD-177DEDB1D34F}.Debug|Any CPU.ActiveCfg = Debug|Any CPU
		{93053BBF-534D-4EBA-A5BD-177DEDB1D34F}.Release|Any CPU.ActiveCfg = Release|Any CPU
		{93053BBF-534D-4EBA-A5BD-177DEDB1D34F}.Debug|Any CPU.Build.0 = Debug|Any CPU
	EndGlobalSection
	GlobalSection(SolutionProperties) = preSolution
		HideSolutionNode = FALSE
	EndGlobalSection
	GlobalSection(ExtensibilityGlobals) = postSolution
		SolutionGuid = {E44EF2A2-2799-4B5B-9716-3CC02B7EE7FF}
	EndGlobalSection
EndGlobal
