
Microsoft Visual Studio Solution File, Format Version 12.00
# Visual Studio 15
VisualStudioVersion = 15.0.28307.645
MinimumVisualStudioVersion = 10.0.40219.1
Project("{FAE04EC0-301F-11D3-BF4B-00C04F79EFBC}") = "Amplifier", "Amplifier.Net\Amplifier.csproj", "{EF1DF4E4-50FB-4B90-8E53-0AE7BDD160A5}"
EndProject
Global
	GlobalSection(SolutionConfigurationPlatforms) = preSolution
		Debug|Any CPU = Debug|Any CPU
		Release|Any CPU = Release|Any CPU
	EndGlobalSection
	GlobalSection(ProjectConfigurationPlatforms) = postSolution
		{EF1DF4E4-50FB-4B90-8E53-0AE7BDD160A5}.Debug|Any CPU.ActiveCfg = Debug|Any CPU
		{EF1DF4E4-50FB-4B90-8E53-0AE7BDD160A5}.Debug|Any CPU.Build.0 = Debug|Any CPU
		{EF1DF4E4-50FB-4B90-8E53-0AE7BDD160A5}.Release|Any CPU.ActiveCfg = Release|Any CPU
		{EF1DF4E4-50FB-4B90-8E53-0AE7BDD160A5}.Release|Any CPU.Build.0 = Release|Any CPU
	EndGlobalSection
	GlobalSection(SolutionProperties) = preSolution
		HideSolutionNode = FALSE
	EndGlobalSection
	GlobalSection(ExtensibilityGlobals) = postSolution
		SolutionGuid = {E44EF2A2-2799-4B5B-9716-3CC02B7EE7FF}
	EndGlobalSection
EndGlobal
